// !$*UTF8*$!
{
	archiveVersion = 1;
	classes = {
	};
	objectVersion = 56;
	objects = {

/* Begin PBXBuildFile section */
		CB1100000000000000000001 /* ClimbingAssistantApp.swift in Sources */ = {isa = PBXBuildFile; fileRef = CA1100000000000000000001 /* ClimbingAssistantApp.swift */; };
		CB1100000000000000000002 /* ContentView.swift in Sources */ = {isa = PBXBuildFile; fileRef = CA1100000000000000000002 /* ContentView.swift */; };
		CB1100000000000000000003 /* PermissionDeniedView.swift in Sources */ = {isa = PBXBuildFile; fileRef = CA1100000000000000000003 /* PermissionDeniedView.swift */; };
		CB1100000000000000000004 /* CameraManager.swift in Sources */ = {isa = PBXBuildFile; fileRef = CA1100000000000000000004 /* CameraManager.swift */; };
		CB1100000000000000000005 /* CameraPreviewView.swift in Sources */ = {isa = PBXBuildFile; fileRef = CA1100000000000000000005 /* CameraPreviewView.swift */; };
		CB1100000000000000000006 /* PoseDetector.swift in Sources */ = {isa = PBXBuildFile; fileRef = CA1100000000000000000006 /* PoseDetector.swift */; };
		CB1100000000000000000007 /* OverlayView.swift in Sources */ = {isa = PBXBuildFile; fileRef = CA1100000000000000000007 /* OverlayView.swift */; };
		CB1100000000000000000008 /* Assets.xcassets in Resources */ = {isa = PBXBuildFile; fileRef = CA1100000000000000000008 /* Assets.xcassets */; };
/* End PBXBuildFile section */

/* Begin PBXFileReference section */
		CA1100000000000000000001 /* ClimbingAssistantApp.swift */ = {isa = PBXFileReference; lastKnownFileType = sourcecode.swift; path = ClimbingAssistantApp.swift; sourceTree = "<group>"; };
		CA1100000000000000000002 /* ContentView.swift */ = {isa = PBXFileReference; lastKnownFileType = sourcecode.swift; path = ContentView.swift; sourceTree = "<group>"; };
		CA1100000000000000000003 /* PermissionDeniedView.swift */ = {isa = PBXFileReference; lastKnownFileType = sourcecode.swift; path = PermissionDeniedView.swift; sourceTree = "<group>"; };
		CA1100000000000000000004 /* CameraManager.swift */ = {isa = PBXFileReference; lastKnownFileType = sourcecode.swift; path = CameraManager.swift; sourceTree = "<group>"; };
		CA1100000000000000000005 /* CameraPreviewView.swift */ = {isa = PBXFileReference; lastKnownFileType = sourcecode.swift; path = CameraPreviewView.swift; sourceTree = "<group>"; };
		CA1100000000000000000006 /* PoseDetector.swift */ = {isa = PBXFileReference; lastKnownFileType = sourcecode.swift; path = PoseDetector.swift; sourceTree = "<group>"; };
		CA1100000000000000000007 /* OverlayView.swift */ = {isa = PBXFileReference; lastKnownFileType = sourcecode.swift; path = OverlayView.swift; sourceTree = "<group>"; };
		CA1100000000000000000008 /* Assets.xcassets */ = {isa = PBXFileReference; lastKnownFileType = folder.assetcatalog; path = Assets.xcassets; sourceTree = "<group>"; };
		CA1100000000000000000009 /* Info.plist */ = {isa = PBXFileReference; lastKnownFileType = text.plist.xml; path = Info.plist; sourceTree = "<group>"; };
		CA110000000000000000000A /* ClimbingAssistant.app */ = {isa = PBXFileReference; explicitFileType = wrapper.application; includeInIndex = 0; path = ClimbingAssistant.app; sourceTree = BUILT_PRODUCTS_DIR; };
/* End PBXFileReference section */

/* Begin PBXFrameworksBuildPhase section */
		CC1100000000000000000003 /* Frameworks */ = {
			isa = PBXFrameworksBuildPhase;
			buildActionMask = 2147483647;
			files = (
			);
			runOnlyForDeploymentPostprocessing = 0;
		};
/* End PBXFrameworksBuildPhase section */

/* Begin PBXGroup section */
		29B97314FDCFA39EDEBCE19C = {
			isa = PBXGroup;
			children = (
				29B97315FDCFA39EDEBCE19C /* ClimbingAssistant */,
				29B97318FDCFA39EDEBCE19C /* Products */,
			);
			sourceTree = "<group>";
		};
		29B97315FDCFA39EDEBCE19C /* ClimbingAssistant */ = {
			isa = PBXGroup;
			children = (
				CA1100000000000000000001 /* ClimbingAssistantApp.swift */,
				CA1100000000000000000002 /* ContentView.swift */,
				CA1100000000000000000003 /* PermissionDeniedView.swift */,
				29B97316FDCFA39EDEBCE19C /* Camera */,
				29B97317FDCFA39EDEBCE19C /* Pose */,
				CA1100000000000000000008 /* Assets.xcassets */,
				CA1100000000000000000009 /* Info.plist */,
			);
			path = ClimbingAssistant;
			sourceTree = "<group>";
		};
		29B97316FDCFA39EDEBCE19C /* Camera */ = {
			isa = PBXGroup;
			children = (
				CA1100000000000000000004 /* CameraManager.swift */,
				CA1100000000000000000005 /* CameraPreviewView.swift */,
			);
			path = Camera;
			sourceTree = "<group>";
		};
		29B97317FDCFA39EDEBCE19C /* Pose */ = {
			isa = PBXGroup;
			children = (
				CA1100000000000000000006 /* PoseDetector.swift */,
				CA1100000000000000000007 /* OverlayView.swift */,
			);
			path = Pose;
			sourceTree = "<group>";
		};
		29B97318FDCFA39EDEBCE19C /* Products */ = {
			isa = PBXGroup;
			children = (
				CA110000000000000000000A /* ClimbingAssistant.app */,
			);
			name = Products;
			sourceTree = "<group>";
		};
/* End PBXGroup section */

/* Begin PBXNativeTarget section */
		CD1100000000000000000001 /* ClimbingAssistant */ = {
			isa = PBXNativeTarget;
			buildConfigurationList = CF1100000000000000000002 /* Build configuration list for PBXNativeTarget "ClimbingAssistant" */;
			buildPhases = (
				CC1100000000000000000001 /* Sources */,
				CC1100000000000000000002 /* Resources */,
				CC1100000000000000000003 /* Frameworks */,
			);
			buildRules = (
			);
			dependencies = (
			);
			name = ClimbingAssistant;
			productName = ClimbingAssistant;
			productReference = CA110000000000000000000A /* ClimbingAssistant.app */;
			productType = "com.apple.product-type.application";
		};
/* End PBXNativeTarget section */

/* Begin PBXProject section */
		29B97313FDCFA39EDEBCE19C /* Project object */ = {
			isa = PBXProject;
			attributes = {
				BuildIndependentTargetsInParallel = 1;
				LastSwiftUpdateCheck = 1500;
				LastUpgradeCheck = 1500;
				TargetAttributes = {
					CD1100000000000000000001 = {
						CreatedOnToolsVersion = 15.0;
					};
				};
			};
			buildConfigurationList = CF1100000000000000000001 /* Build configuration list for PBXProject "ClimbingAssistant" */;
			compatibilityVersion = "Xcode 14.0";
			developmentRegion = en;
			hasScannedForEncodings = 0;
			knownRegions = (
				en,
				Base,
			);
			mainGroup = 29B97314FDCFA39EDEBCE19C;
			productRefGroup = 29B97318FDCFA39EDEBCE19C /* Products */;
			projectDirPath = "";
			projectRoot = "";
			targets = (
				CD1100000000000000000001 /* ClimbingAssistant */,
			);
		};
/* End PBXProject section */

/* Begin PBXResourcesBuildPhase section */
		CC1100000000000000000002 /* Resources */ = {
			isa = PBXResourcesBuildPhase;
			buildActionMask = 2147483647;
			files = (
				CB1100000000000000000008 /* Assets.xcassets in Resources */,
			);
			runOnlyForDeploymentPostprocessing = 0;
		};
/* End PBXResourcesBuildPhase section */

/* Begin PBXSourcesBuildPhase section */
		CC1100000000000000000001 /* Sources */ = {
			isa = PBXSourcesBuildPhase;
			buildActionMask = 2147483647;
			files = (
				CB1100000000000000000001 /* ClimbingAssistantApp.swift in Sources */,
				CB1100000000000000000002 /* ContentView.swift in Sources */,
				CB1100000000000000000003 /* PermissionDeniedView.swift in Sources */,
				CB1100000000000000000004 /* CameraManager.swift in Sources */,
				CB1100000000000000000005 /* CameraPreviewView.swift in Sources */,
				CB1100000000000000000006 /* PoseDetector.swift in Sources */,
				CB1100000000000000000007 /* OverlayView.swift in Sources */,
			);
			runOnlyForDeploymentPostprocessing = 0;
		};
/* End PBXSourcesBuildPhase section */

/* Begin XCBuildConfiguration section */
		CE1100000000000000000001 /* Debug */ = {
			isa = XCBuildConfiguration;
			buildSettings = {
				ALWAYS_SEARCH_USER_PATHS = NO;
				CLANG_ANALYZER_NONNULL = YES;
				CLANG_ENABLE_MODULES = YES;
				CLANG_ENABLE_OBJC_ARC = YES;
				CLANG_WARN_BLOCK_CAPTURE_AUTORELEASING = YES;
				CLANG_WARN_BOOL_CONVERSION = YES;
				CLANG_WARN_COMMA = YES;
				CLANG_WARN_CONSTANT_CONVERSION = YES;
				CLANG_WARN_DEPRECATED_OBJC_IMPLEMENTATIONS = YES;
				CLANG_WARN_DIRECT_OBJC_ISA_USAGE = YES_ERROR;
				CLANG_WARN_EMPTY_BODY = YES;
				CLANG_WARN_ENUM_CONVERSION = YES;
				CLANG_WARN_INFINITE_RECURSION = YES;
				CLANG_WARN_INT_CONVERSION = YES;
				CLANG_WARN_NON_LITERAL_NULL_CONVERSION = YES;
				CLANG_WARN_OBJC_IMPLICIT_RETAIN_SELF = YES;
				CLANG_WARN_OBJC_LITERAL_CONVERSION = YES;
				CLANG_WARN_OBJC_ROOT_CLASS = YES_ERROR;
				CLANG_WARN_RANGE_LOOP_ANALYSIS = YES;
				CLANG_WARN_STRICT_PROTOTYPES = YES;
				CLANG_WARN_SUSPICIOUS_MOVE = YES;
				CLANG_WARN_UNGUARDED_AVAILABILITY = YES_AGGRESSIVE;
				CLANG_WARN_UNREACHABLE_CODE = YES;
				CLANG_WARN__DUPLICATE_METHOD_MATCH = YES;
				COPY_PHASE_STRIP = NO;
				DEBUG_INFORMATION_FORMAT = dwarf;
				ENABLE_STRICT_OBJC_MSGSEND = YES;
				ENABLE_TESTABILITY = YES;
				GCC_C_LANGUAGE_STANDARD = gnu11;
				GCC_DYNAMIC_NO_PIC = NO;
				GCC_NO_COMMON_BLOCKS = YES;
				GCC_OPTIMIZATION_LEVEL = 0;
				GCC_PREPROCESSOR_DEFINITIONS = (
					"DEBUG=1",
					"$(inherited)",
				);
				GCC_WARN_64_TO_32_BIT_CONVERSION = YES;
				GCC_WARN_ABOUT_RETURN_TYPE = YES_ERROR;
				GCC_WARN_UNDECLARED_SELECTOR = YES;
				GCC_WARN_UNINITIALIZED_AUTOS = YES_AGGRESSIVE;
				GCC_WARN_UNUSED_FUNCTION = YES;
				GCC_WARN_UNUSED_VARIABLE = YES;
				IPHONEOS_DEPLOYMENT_TARGET = 16.0;
				MTL_ENABLE_DEBUG_INFO = INCLUDE_SOURCE;
				MTL_FAST_MATH = YES;
				ONLY_ACTIVE_ARCH = YES;
				SDKROOT = iphoneos;
				SWIFT_ACTIVE_COMPILATION_CONDITIONS = DEBUG;
				SWIFT_OPTIMIZATION_LEVEL = "-Onone";
			};
			name = Debug;
		};
		CE1100000000000000000002 /* Release */ = {
			isa = XCBuildConfiguration;
			buildSettings = {
				ALWAYS_SEARCH_USER_PATHS = NO;
				CLANG_ANALYZER_NONNULL = YES;
				CLANG_ENABLE_MODULES = YES;
				CLANG_ENABLE_OBJC_ARC = YES;
				CLANG_WARN_BLOCK_CAPTURE_AUTORELEASING = YES;
				CLANG_WARN_BOOL_CONVERSION = YES;
				CLANG_WARN_COMMA = YES;
				CLANG_WARN_CONSTANT_CONVERSION = YES;
				CLANG_WARN_DEPRECATED_OBJC_IMPLEMENTATIONS = YES;
				CLANG_WARN_DIRECT_OBJC_ISA_USAGE = YES_ERROR;
				CLANG_WARN_EMPTY_BODY = YES;
				CLANG_WARN_ENUM_CONVERSION = YES;
				CLANG_WARN_INFINITE_RECURSION = YES;
				CLANG_WARN_INT_CONVERSION = YES;
				CLANG_WARN_NON_LITERAL_NULL_CONVERSION = YES;
				CLANG_WARN_OBJC_IMPLICIT_RETAIN_SELF = YES;
				CLANG_WARN_OBJC_LITERAL_CONVERSION = YES;
				CLANG_WARN_OBJC_ROOT_CLASS = YES_ERROR;
				CLANG_WARN_RANGE_LOOP_ANALYSIS = YES;
				CLANG_WARN_STRICT_PROTOTYPES = YES;
				CLANG_WARN_SUSPICIOUS_MOVE = YES;
				CLANG_WARN_UNGUARDED_AVAILABILITY = YES_AGGRESSIVE;
				CLANG_WARN_UNREACHABLE_CODE = YES;
				CLANG_WARN__DUPLICATE_METHOD_MATCH = YES;
				COPY_PHASE_STRIP = NO;
				DEBUG_INFORMATION_FORMAT = "dwarf-with-dsym";
				ENABLE_NS_ASSERTIONS = NO;
				ENABLE_STRICT_OBJC_MSGSEND = YES;
				GCC_C_LANGUAGE_STANDARD = gnu11;
				GCC_NO_COMMON_BLOCKS = YES;
				GCC_WARN_64_TO_32_BIT_CONVERSION = YES;
				GCC_WARN_ABOUT_RETURN_TYPE = YES_ERROR;
				GCC_WARN_UNDECLARED_SELECTOR = YES;
				GCC_WARN_UNINITIALIZED_AUTOS = YES_AGGRESSIVE;
				GCC_WARN_UNUSED_FUNCTION = YES;
				GCC_WARN_UNUSED_VARIABLE = YES;
				IPHONEOS_DEPLOYMENT_TARGET = 16.0;
				MTL_FAST_MATH = YES;
				SDKROOT = iphoneos;
				SWIFT_COMPILATION_MODE = wholemodule;
				SWIFT_OPTIMIZATION_LEVEL = "-O";
				VALIDATE_PRODUCT = YES;
			};
			name = Release;
		};
		CE1100000000000000000003 /* Debug */ = {
			isa = XCBuildConfiguration;
			buildSettings = {
				ASSETCATALOG_COMPILER_APPICON_NAME = AppIcon;
				ASSETCATALOG_COMPILER_GLOBAL_ACCENT_COLOR_NAME = AccentColor;
				CODE_SIGN_STYLE = Automatic;
				CURRENT_PROJECT_VERSION = 1;
				DEVELOPMENT_TEAM = "";
				GENERATE_INFOPLIST_FILE = NO;
				INFOPLIST_FILE = ClimbingAssistant/Info.plist;
				IPHONEOS_DEPLOYMENT_TARGET = 16.0;
				LD_RUNPATH_SEARCH_PATHS = (
					"$(inherited)",
					"@executable_path/Frameworks",
				);
				MARKETING_VERSION = 1.0;
				PRODUCT_BUNDLE_IDENTIFIER = com.example.ClimbingAssistant;
				PRODUCT_NAME = "$(TARGET_NAME)";
				SDKROOT = iphoneos;
				SWIFT_EMIT_LOC_STRINGS = YES;
				SWIFT_VERSION = 5.0;
				TARGETED_DEVICE_FAMILY = 1;
			};
			name = Debug;
		};
		CE1100000000000000000004 /* Release */ = {
			isa = XCBuildConfiguration;
			buildSettings = {
				ASSETCATALOG_COMPILER_APPICON_NAME = AppIcon;
				ASSETCATALOG_COMPILER_GLOBAL_ACCENT_COLOR_NAME = AccentColor;
				CODE_SIGN_STYLE = Automatic;
				CURRENT_PROJECT_VERSION = 1;
				DEVELOPMENT_TEAM = "";
				GENERATE_INFOPLIST_FILE = NO;
				INFOPLIST_FILE = ClimbingAssistant/Info.plist;
				IPHONEOS_DEPLOYMENT_TARGET = 16.0;
				LD_RUNPATH_SEARCH_PATHS = (
					"$(inherited)",
					"@executable_path/Frameworks",
				);
				MARKETING_VERSION = 1.0;
				PRODUCT_BUNDLE_IDENTIFIER = com.example.ClimbingAssistant;
				PRODUCT_NAME = "$(TARGET_NAME)";
				SDKROOT = iphoneos;
				SWIFT_EMIT_LOC_STRINGS = YES;
				SWIFT_VERSION = 5.0;
				TARGETED_DEVICE_FAMILY = 1;
			};
			name = Release;
		};
/* End XCBuildConfiguration section */

/* Begin XCConfigurationList section */
		CF1100000000000000000001 /* Build configuration list for PBXProject "ClimbingAssistant" */ = {
			isa = XCConfigurationList;
			buildConfigurations = (
				CE1100000000000000000001 /* Debug */,
				CE1100000000000000000002 /* Release */,
			);
			defaultConfigurationIsVisible = 0;
			defaultConfigurationName = Release;
		};
		CF1100000000000000000002 /* Build configuration list for PBXNativeTarget "ClimbingAssistant" */ = {
			isa = XCConfigurationList;
			buildConfigurations = (
				CE1100000000000000000003 /* Debug */,
				CE1100000000000000000004 /* Release */,
			);
			defaultConfigurationIsVisible = 0;
			defaultConfigurationName = Release;
		};
/* End XCConfigurationList section */

	};
	rootObject = 29B97313FDCFA39EDEBCE19C /* Project object */;
}
